# THIS IS AN AUTOGENERATED FILE. DO NOT EDIT THIS FILE DIRECTLY.
# yarn lockfile v1


sortablejs@^1.6.0:
  version "1.6.0"
  resolved "https://registry.yarnpkg.com/sortablejs/-/sortablejs-1.6.0.tgz#097cc19267218af2ca1cd455ed858f380136ab68"

vuedraggable@^2.14.1:
  version "2.14.1"
  resolved "https://registry.yarnpkg.com/vuedraggable/-/vuedraggable-2.14.1.tgz#034e1e052e25b9388429ae96db9eb6f2c3b10d87"
  dependencies:
    sortablejs "^1.6.0"
